
Microsoft Visual Studio Solution File, Format Version 12.00
# Visual Studio 2015
Project("{FAE04EC0-301F-11D3-BF4B-00C04F79EFBC}") = "GreenPlanet.CSharp", "GreenPlanet.CSharp.csproj", "{0CC9D2CA-5ACE-A5F7-66EC-1D2A6CA13DDC}"
EndProject
Global
	GlobalSection(SolutionConfigurationPlatforms) = preSolution
		Debug|Any CPU = Debug|Any CPU
		Release|Any CPU = Release|Any CPU
	EndGlobalSection
	GlobalSection(ProjectConfigurationPlatforms) = postSolution
		{0CC9D2CA-5ACE-A5F7-66EC-1D2A6CA13DDC}.Debug|Any CPU.ActiveCfg = Debug|Any CPU
		{0CC9D2CA-5ACE-A5F7-66EC-1D2A6CA13DDC}.Debug|Any CPU.Build.0 = Debug|Any CPU
		{0CC9D2CA-5ACE-A5F7-66EC-1D2A6CA13DDC}.Release|Any CPU.ActiveCfg = Release|Any CPU
		{0CC9D2CA-5ACE-A5F7-66EC-1D2A6CA13DDC}.Release|Any CPU.Build.0 = Release|Any CPU
	EndGlobalSection
	GlobalSection(SolutionProperties) = preSolution
		HideSolutionNode = FALSE
	EndGlobalSection
EndGlobal
